
Microsoft Visual Studio Solution File, Format Version 12.00
# Visual Studio 2012
Project("{FAE04EC0-301F-11D3-BF4B-00C04F79EFBC}") = "KataPokerClassLibrary", "KataPokerClassLibrary\KataPokerClassLibrary.csproj", "{34080071-789A-4A81-8F0A-0263E1ED4430}"
EndProject
Project("{FAE04EC0-301F-11D3-BF4B-00C04F79EFBC}") = "KataPokerClassLibraryTest", "KataPokerClassLibraryTest\KataPokerClassLibraryTest.csproj", "{60DAA938-0E90-4F1B-96A9-B682B23140A6}"
EndProject
Global
	GlobalSection(SolutionConfigurationPlatforms) = preSolution
		Debug|Any CPU = Debug|Any CPU
		Release|Any CPU = Release|Any CPU
	EndGlobalSection
	GlobalSection(ProjectConfigurationPlatforms) = postSolution
		{34080071-789A-4A81-8F0A-0263E1ED4430}.Debug|Any CPU.ActiveCfg = Debug|Any CPU
		{34080071-789A-4A81-8F0A-0263E1ED4430}.Debug|Any CPU.Build.0 = Debug|Any CPU
		{34080071-789A-4A81-8F0A-0263E1ED4430}.Release|Any CPU.ActiveCfg = Release|Any CPU
		{34080071-789A-4A81-8F0A-0263E1ED4430}.Release|Any CPU.Build.0 = Release|Any CPU
		{60DAA938-0E90-4F1B-96A9-B682B23140A6}.Debug|Any CPU.ActiveCfg = Debug|Any CPU
		{60DAA938-0E90-4F1B-96A9-B682B23140A6}.Debug|Any CPU.Build.0 = Debug|Any CPU
		{60DAA938-0E90-4F1B-96A9-B682B23140A6}.Release|Any CPU.ActiveCfg = Release|Any CPU
		{60DAA938-0E90-4F1B-96A9-B682B23140A6}.Release|Any CPU.Build.0 = Release|Any CPU
	EndGlobalSection
	GlobalSection(SolutionProperties) = preSolution
		HideSolutionNode = FALSE
	EndGlobalSection
EndGlobal
